// !$*UTF8*$!
{
	archiveVersion = 1;
	classes = {
	};
	objectVersion = 46;
	objects = {

/* Begin PBXBuildFile section */
		003D69FC64A679A2A5AFD3EF /* libPods-PBL04.a in Frameworks */ = {isa = PBXBuildFile; fileRef = 3CF45F9A06741342CD6B5A61 /* libPods-PBL04.a */; };
		0482DFAD1D19606100229A6B /* onemode.m in Sources */ = {isa = PBXBuildFile; fileRef = 0482DFAC1D19606100229A6B /* onemode.m */; };
		04EEDD541D180D9B00732D97 /* main.m in Sources */ = {isa = PBXBuildFile; fileRef = 04EEDD531D180D9B00732D97 /* main.m */; };
		04EEDD571D180D9B00732D97 /* AppDelegate.m in Sources */ = {isa = PBXBuildFile; fileRef = 04EEDD561D180D9B00732D97 /* AppDelegate.m */; };
		04EEDD5A1D180D9B00732D97 /* ViewController.m in Sources */ = {isa = PBXBuildFile; fileRef = 04EEDD591D180D9B00732D97 /* ViewController.m */; };
		04EEDD5D1D180D9B00732D97 /* Main.storyboard in Resources */ = {isa = PBXBuildFile; fileRef = 04EEDD5B1D180D9B00732D97 /* Main.storyboard */; };
		04EEDD5F1D180D9B00732D97 /* Assets.xcassets in Resources */ = {isa = PBXBuildFile; fileRef = 04EEDD5E1D180D9B00732D97 /* Assets.xcassets */; };
		04EEDD621D180D9B00732D97 /* LaunchScreen.storyboard in Resources */ = {isa = PBXBuildFile; fileRef = 04EEDD601D180D9B00732D97 /* LaunchScreen.storyboard */; };
		04EEDD6D1D180D9B00732D97 /* PBL04Tests.m in Sources */ = {isa = PBXBuildFile; fileRef = 04EEDD6C1D180D9B00732D97 /* PBL04Tests.m */; };
		04EEDD781D180D9B00732D97 /* PBL04UITests.m in Sources */ = {isa = PBXBuildFile; fileRef = 04EEDD771D180D9B00732D97 /* PBL04UITests.m */; };
		04EEDD881D180DFC00732D97 /* tool.m in Sources */ = {isa = PBXBuildFile; fileRef = 04EEDD871D180DFC00732D97 /* tool.m */; };
		04EEDD9B1D18100300732D97 /* 1.png in Resources */ = {isa = PBXBuildFile; fileRef = 04EEDD8A1D18100300732D97 /* 1.png */; };
		04EEDD9C1D18100300732D97 /* default.png in Resources */ = {isa = PBXBuildFile; fileRef = 04EEDD8B1D18100300732D97 /* default.png */; };
		04EEDD9D1D18100300732D97 /* default@2x.png in Resources */ = {isa = PBXBuildFile; fileRef = 04EEDD8C1D18100300732D97 /* default@2x.png */; };
		04EEDD9E1D18100300732D97 /* home_back_top.png in Resources */ = {isa = PBXBuildFile; fileRef = 04EEDD8D1D18100300732D97 /* home_back_top.png */; };
		04EEDD9F1D18100300732D97 /* home_back_top_hover.png in Resources */ = {isa = PBXBuildFile; fileRef = 04EEDD8E1D18100300732D97 /* home_back_top_hover.png */; };
		04EEDDA01D18100300732D97 /* icon_float_category_search.png in Resources */ = {isa = PBXBuildFile; fileRef = 04EEDD8F1D18100300732D97 /* icon_float_category_search.png */; };
		04EEDDA11D18100300732D97 /* icon_float_category_search_hover.png in Resources */ = {isa = PBXBuildFile; fileRef = 04EEDD901D18100300732D97 /* icon_float_category_search_hover.png */; };
		04EEDDA21D18100300732D97 /* input_style_button_bg.9.png in Resources */ = {isa = PBXBuildFile; fileRef = 04EEDD911D18100300732D97 /* input_style_button_bg.9.png */; };
		04EEDDA31D18100300732D97 /* list_icon_like.png in Resources */ = {isa = PBXBuildFile; fileRef = 04EEDD921D18100300732D97 /* list_icon_like.png */; };
		04EEDDA41D18100300732D97 /* list_icon_link.png in Resources */ = {isa = PBXBuildFile; fileRef = 04EEDD931D18100300732D97 /* list_icon_link.png */; };
		04EEDDA51D18100300732D97 /* splash_img1.png in Resources */ = {isa = PBXBuildFile; fileRef = 04EEDD941D18100300732D97 /* splash_img1.png */; };
		04EEDDA61D18100300732D97 /* splash_img2.png in Resources */ = {isa = PBXBuildFile; fileRef = 04EEDD951D18100300732D97 /* splash_img2.png */; };
		04EEDDA71D18100300732D97 /* splash_img3.png in Resources */ = {isa = PBXBuildFile; fileRef = 04EEDD961D18100300732D97 /* splash_img3.png */; };
		04EEDDA81D18100300732D97 /* splash_img4.png in Resources */ = {isa = PBXBuildFile; fileRef = 04EEDD971D18100300732D97 /* splash_img4.png */; };
		04EEDDA91D18100300732D97 /* top-logo.png in Resources */ = {isa = PBXBuildFile; fileRef = 04EEDD981D18100300732D97 /* top-logo.png */; };
		04EEDDAA1D18100300732D97 /* top-logo@2x.png in Resources */ = {isa = PBXBuildFile; fileRef = 04EEDD991D18100300732D97 /* top-logo@2x.png */; };
		04EEDDAB1D18100300732D97 /* top_logo.png in Resources */ = {isa = PBXBuildFile; fileRef = 04EEDD9A1D18100300732D97 /* top_logo.png */; };
		04EEDDAF1D1814A000732D97 /* MainViewController.m in Sources */ = {isa = PBXBuildFile; fileRef = 04EEDDAE1D1814A000732D97 /* MainViewController.m */; };
		04EEDDB21D18166C00732D97 /* SecondViewController.m in Sources */ = {isa = PBXBuildFile; fileRef = 04EEDDB11D18166C00732D97 /* SecondViewController.m */; };
		04EEDDBA1D182CC400732D97 /* mainTableViewCell.m in Sources */ = {isa = PBXBuildFile; fileRef = 04EEDDB91D182CC400732D97 /* mainTableViewCell.m */; };
		04EEDDBD1D183ED100732D97 /* topmodel.m in Sources */ = {isa = PBXBuildFile; fileRef = 04EEDDBC1D183ED100732D97 /* topmodel.m */; };
/* End PBXBuildFile section */

/* Begin PBXContainerItemProxy section */
		04EEDD691D180D9B00732D97 /* PBXContainerItemProxy */ = {
			isa = PBXContainerItemProxy;
			containerPortal = 04EEDD471D180D9B00732D97 /* Project object */;
			proxyType = 1;
			remoteGlobalIDString = 04EEDD4E1D180D9B00732D97;
			remoteInfo = PBL04;
		};
		04EEDD741D180D9B00732D97 /* PBXContainerItemProxy */ = {
			isa = PBXContainerItemProxy;
			containerPortal = 04EEDD471D180D9B00732D97 /* Project object */;
			proxyType = 1;
			remoteGlobalIDString = 04EEDD4E1D180D9B00732D97;
			remoteInfo = PBL04;
		};
/* End PBXContainerItemProxy section */

/* Begin PBXFileReference section */
		0482DFAB1D19606100229A6B /* onemode.h */ = {isa = PBXFileReference; fileEncoding = 4; lastKnownFileType = sourcecode.c.h; path = onemode.h; sourceTree = "<group>"; };
		0482DFAC1D19606100229A6B /* onemode.m */ = {isa = PBXFileReference; fileEncoding = 4; lastKnownFileType = sourcecode.c.objc; path = onemode.m; sourceTree = "<group>"; };
		04EEDD4F1D180D9B00732D97 /* PBL04.app */ = {isa = PBXFileReference; explicitFileType = wrapper.application; includeInIndex = 0; path = PBL04.app; sourceTree = BUILT_PRODUCTS_DIR; };
		04EEDD531D180D9B00732D97 /* main.m */ = {isa = PBXFileReference; lastKnownFileType = sourcecode.c.objc; path = main.m; sourceTree = "<group>"; };
		04EEDD551D180D9B00732D97 /* AppDelegate.h */ = {isa = PBXFileReference; lastKnownFileType = sourcecode.c.h; path = AppDelegate.h; sourceTree = "<group>"; };
		04EEDD561D180D9B00732D97 /* AppDelegate.m */ = {isa = PBXFileReference; lastKnownFileType = sourcecode.c.objc; path = AppDelegate.m; sourceTree = "<group>"; };
		04EEDD581D180D9B00732D97 /* ViewController.h */ = {isa = PBXFileReference; lastKnownFileType = sourcecode.c.h; path = ViewController.h; sourceTree = "<group>"; };
		04EEDD591D180D9B00732D97 /* ViewController.m */ = {isa = PBXFileReference; lastKnownFileType = sourcecode.c.objc; path = ViewController.m; sourceTree = "<group>"; };
		04EEDD5C1D180D9B00732D97 /* Base */ = {isa = PBXFileReference; lastKnownFileType = file.storyboard; name = Base; path = Base.lproj/Main.storyboard; sourceTree = "<group>"; };
		04EEDD5E1D180D9B00732D97 /* Assets.xcassets */ = {isa = PBXFileReference; lastKnownFileType = folder.assetcatalog; path = Assets.xcassets; sourceTree = "<group>"; };
		04EEDD611D180D9B00732D97 /* Base */ = {isa = PBXFileReference; lastKnownFileType = file.storyboard; name = Base; path = Base.lproj/LaunchScreen.storyboard; sourceTree = "<group>"; };
		04EEDD631D180D9B00732D97 /* Info.plist */ = {isa = PBXFileReference; lastKnownFileType = text.plist.xml; path = Info.plist; sourceTree = "<group>"; };
		04EEDD681D180D9B00732D97 /* PBL04Tests.xctest */ = {isa = PBXFileReference; explicitFileType = wrapper.cfbundle; includeInIndex = 0; path = PBL04Tests.xctest; sourceTree = BUILT_PRODUCTS_DIR; };
		04EEDD6C1D180D9B00732D97 /* PBL04Tests.m */ = {isa = PBXFileReference; lastKnownFileType = sourcecode.c.objc; path = PBL04Tests.m; sourceTree = "<group>"; };
		04EEDD6E1D180D9B00732D97 /* Info.plist */ = {isa = PBXFileReference; lastKnownFileType = text.plist.xml; path = Info.plist; sourceTree = "<group>"; };
		04EEDD731D180D9B00732D97 /* PBL04UITests.xctest */ = {isa = PBXFileReference; explicitFileType = wrapper.cfbundle; includeInIndex = 0; path = PBL04UITests.xctest; sourceTree = BUILT_PRODUCTS_DIR; };
		04EEDD771D180D9B00732D97 /* PBL04UITests.m */ = {isa = PBXFileReference; lastKnownFileType = sourcecode.c.objc; path = PBL04UITests.m; sourceTree = "<group>"; };
		04EEDD791D180D9B00732D97 /* Info.plist */ = {isa = PBXFileReference; lastKnownFileType = text.plist.xml; path = Info.plist; sourceTree = "<group>"; };
		04EEDD861D180DFC00732D97 /* tool.h */ = {isa = PBXFileReference; fileEncoding = 4; lastKnownFileType = sourcecode.c.h; path = tool.h; sourceTree = "<group>"; };
		04EEDD871D180DFC00732D97 /* tool.m */ = {isa = PBXFileReference; fileEncoding = 4; lastKnownFileType = sourcecode.c.objc; path = tool.m; sourceTree = "<group>"; };
		04EEDD8A1D18100300732D97 /* 1.png */ = {isa = PBXFileReference; lastKnownFileType = image.png; path = 1.png; sourceTree = "<group>"; };
		04EEDD8B1D18100300732D97 /* default.png */ = {isa = PBXFileReference; lastKnownFileType = image.png; path = default.png; sourceTree = "<group>"; };
		04EEDD8C1D18100300732D97 /* default@2x.png */ = {isa = PBXFileReference; lastKnownFileType = image.png; path = "default@2x.png"; sourceTree = "<group>"; };
		04EEDD8D1D18100300732D97 /* home_back_top.png */ = {isa = PBXFileReference; lastKnownFileType = image.png; path = home_back_top.png; sourceTree = "<group>"; };
		04EEDD8E1D18100300732D97 /* home_back_top_hover.png */ = {isa = PBXFileReference; lastKnownFileType = image.png; path = home_back_top_hover.png; sourceTree = "<group>"; };
		04EEDD8F1D18100300732D97 /* icon_float_category_search.png */ = {isa = PBXFileReference; lastKnownFileType = image.png; path = icon_float_category_search.png; sourceTree = "<group>"; };
		04EEDD901D18100300732D97 /* icon_float_category_search_hover.png */ = {isa = PBXFileReference; lastKnownFileType = image.png; path = icon_float_category_search_hover.png; sourceTree = "<group>"; };
		04EEDD911D18100300732D97 /* input_style_button_bg.9.png */ = {isa = PBXFileReference; lastKnownFileType = image.png; path = input_style_button_bg.9.png; sourceTree = "<group>"; };
		04EEDD921D18100300732D97 /* list_icon_like.png */ = {isa = PBXFileReference; lastKnownFileType = image.png; path = list_icon_like.png; sourceTree = "<group>"; };
		04EEDD931D18100300732D97 /* list_icon_link.png */ = {isa = PBXFileReference; lastKnownFileType = image.png; path = list_icon_link.png; sourceTree = "<group>"; };
		04EEDD941D18100300732D97 /* splash_img1.png */ = {isa = PBXFileReference; lastKnownFileType = image.png; path = splash_img1.png; sourceTree = "<group>"; };
		04EEDD951D18100300732D97 /* splash_img2.png */ = {isa = PBXFileReference; lastKnownFileType = image.png; path = splash_img2.png; sourceTree = "<group>"; };
		04EEDD961D18100300732D97 /* splash_img3.png */ = {isa = PBXFileReference; lastKnownFileType = image.png; path = splash_img3.png; sourceTree = "<group>"; };
		04EEDD971D18100300732D97 /* splash_img4.png */ = {isa = PBXFileReference; lastKnownFileType = image.png; path = splash_img4.png; sourceTree = "<group>"; };
		04EEDD981D18100300732D97 /* top-logo.png */ = {isa = PBXFileReference; lastKnownFileType = image.png; path = "top-logo.png"; sourceTree = "<group>"; };
		04EEDD991D18100300732D97 /* top-logo@2x.png */ = {isa = PBXFileReference; lastKnownFileType = image.png; path = "top-logo@2x.png"; sourceTree = "<group>"; };
		04EEDD9A1D18100300732D97 /* top_logo.png */ = {isa = PBXFileReference; lastKnownFileType = image.png; path = top_logo.png; sourceTree = "<group>"; };
		04EEDDAD1D1814A000732D97 /* MainViewController.h */ = {isa = PBXFileReference; fileEncoding = 4; lastKnownFileType = sourcecode.c.h; path = MainViewController.h; sourceTree = "<group>"; };
		04EEDDAE1D1814A000732D97 /* MainViewController.m */ = {isa = PBXFileReference; fileEncoding = 4; lastKnownFileType = sourcecode.c.objc; path = MainViewController.m; sourceTree = "<group>"; };
		04EEDDB01D18166C00732D97 /* SecondViewController.h */ = {isa = PBXFileReference; fileEncoding = 4; lastKnownFileType = sourcecode.c.h; path = SecondViewController.h; sourceTree = "<group>"; };
		04EEDDB11D18166C00732D97 /* SecondViewController.m */ = {isa = PBXFileReference; fileEncoding = 4; lastKnownFileType = sourcecode.c.objc; path = SecondViewController.m; sourceTree = "<group>"; };
		04EEDDB31D1820DB00732D97 /* Header.h */ = {isa = PBXFileReference; fileEncoding = 4; lastKnownFileType = sourcecode.c.h; path = Header.h; sourceTree = "<group>"; };
		04EEDDB81D182CC400732D97 /* mainTableViewCell.h */ = {isa = PBXFileReference; fileEncoding = 4; lastKnownFileType = sourcecode.c.h; path = mainTableViewCell.h; sourceTree = "<group>"; };
		04EEDDB91D182CC400732D97 /* mainTableViewCell.m */ = {isa = PBXFileReference; fileEncoding = 4; lastKnownFileType = sourcecode.c.objc; path = mainTableViewCell.m; sourceTree = "<group>"; };
		04EEDDBB1D183ED100732D97 /* topmodel.h */ = {isa = PBXFileReference; fileEncoding = 4; lastKnownFileType = sourcecode.c.h; path = topmodel.h; sourceTree = "<group>"; };
		04EEDDBC1D183ED100732D97 /* topmodel.m */ = {isa = PBXFileReference; fileEncoding = 4; lastKnownFileType = sourcecode.c.objc; path = topmodel.m; sourceTree = "<group>"; };
		3CF45F9A06741342CD6B5A61 /* libPods-PBL04.a */ = {isa = PBXFileReference; explicitFileType = archive.ar; includeInIndex = 0; path = "libPods-PBL04.a"; sourceTree = BUILT_PRODUCTS_DIR; };
		5A661EB341346A0DB5B88175 /* Pods-PBL04.release.xcconfig */ = {isa = PBXFileReference; includeInIndex = 1; lastKnownFileType = text.xcconfig; name = "Pods-PBL04.release.xcconfig"; path = "Pods/Target Support Files/Pods-PBL04/Pods-PBL04.release.xcconfig"; sourceTree = "<group>"; };
		BDFB0A7F63D33BEAE5B2A1CE /* Pods-PBL04.debug.xcconfig */ = {isa = PBXFileReference; includeInIndex = 1; lastKnownFileType = text.xcconfig; name = "Pods-PBL04.debug.xcconfig"; path = "Pods/Target Support Files/Pods-PBL04/Pods-PBL04.debug.xcconfig"; sourceTree = "<group>"; };
/* End PBXFileReference section */

/* Begin PBXFrameworksBuildPhase section */
		04EEDD4C1D180D9B00732D97 /* Frameworks */ = {
			isa = PBXFrameworksBuildPhase;
			buildActionMask = 2147483647;
			files = (
				003D69FC64A679A2A5AFD3EF /* libPods-PBL04.a in Frameworks */,
			);
			runOnlyForDeploymentPostprocessing = 0;
		};
		04EEDD651D180D9B00732D97 /* Frameworks */ = {
			isa = PBXFrameworksBuildPhase;
			buildActionMask = 2147483647;
			files = (
			);
			runOnlyForDeploymentPostprocessing = 0;
		};
		04EEDD701D180D9B00732D97 /* Frameworks */ = {
			isa = PBXFrameworksBuildPhase;
			buildActionMask = 2147483647;
			files = (
			);
			runOnlyForDeploymentPostprocessing = 0;
		};
/* End PBXFrameworksBuildPhase section */

/* Begin PBXGroup section */
		04EEDD461D180D9B00732D97 = {
			isa = PBXGroup;
			children = (
				04EEDD511D180D9B00732D97 /* PBL04 */,
				04EEDD6B1D180D9B00732D97 /* PBL04Tests */,
				04EEDD761D180D9B00732D97 /* PBL04UITests */,
				04EEDD501D180D9B00732D97 /* Products */,
				347251D6B8925B71E55AB0BA /* Pods */,
				74E513AE29FECEF9937EC2F8 /* Frameworks */,
			);
			sourceTree = "<group>";
		};
		04EEDD501D180D9B00732D97 /* Products */ = {
			isa = PBXGroup;
			children = (
				04EEDD4F1D180D9B00732D97 /* PBL04.app */,
				04EEDD681D180D9B00732D97 /* PBL04Tests.xctest */,
				04EEDD731D180D9B00732D97 /* PBL04UITests.xctest */,
			);
			name = Products;
			sourceTree = "<group>";
		};
		04EEDD511D180D9B00732D97 /* PBL04 */ = {
			isa = PBXGroup;
			children = (
				04EEDDB41D18295900732D97 /* model */,
				04EEDDAC1D18148400732D97 /* controller */,
				04EEDD891D18100300732D97 /* image */,
				04EEDD851D180DD700732D97 /* Tool */,
				04EEDD551D180D9B00732D97 /* AppDelegate.h */,
				04EEDD561D180D9B00732D97 /* AppDelegate.m */,
				04EEDD581D180D9B00732D97 /* ViewController.h */,
				04EEDD591D180D9B00732D97 /* ViewController.m */,
				04EEDDB81D182CC400732D97 /* mainTableViewCell.h */,
				04EEDDB91D182CC400732D97 /* mainTableViewCell.m */,
				04EEDD5B1D180D9B00732D97 /* Main.storyboard */,
				04EEDD5E1D180D9B00732D97 /* Assets.xcassets */,
				04EEDD601D180D9B00732D97 /* LaunchScreen.storyboard */,
				04EEDD631D180D9B00732D97 /* Info.plist */,
				04EEDD521D180D9B00732D97 /* Supporting Files */,
			);
			path = PBL04;
			sourceTree = "<group>";
		};
		04EEDD521D180D9B00732D97 /* Supporting Files */ = {
			isa = PBXGroup;
			children = (
				04EEDD531D180D9B00732D97 /* main.m */,
			);
			name = "Supporting Files";
			sourceTree = "<group>";
		};
		04EEDD6B1D180D9B00732D97 /* PBL04Tests */ = {
			isa = PBXGroup;
			children = (
				04EEDD6C1D180D9B00732D97 /* PBL04Tests.m */,
				04EEDD6E1D180D9B00732D97 /* Info.plist */,
			);
			path = PBL04Tests;
			sourceTree = "<group>";
		};
		04EEDD761D180D9B00732D97 /* PBL04UITests */ = {
			isa = PBXGroup;
			children = (
				04EEDD771D180D9B00732D97 /* PBL04UITests.m */,
				04EEDD791D180D9B00732D97 /* Info.plist */,
			);
			path = PBL04UITests;
			sourceTree = "<group>";
		};
		04EEDD851D180DD700732D97 /* Tool */ = {
			isa = PBXGroup;
			children = (
				04EEDD861D180DFC00732D97 /* tool.h */,
				04EEDD871D180DFC00732D97 /* tool.m */,
				04EEDDB31D1820DB00732D97 /* Header.h */,
			);
			path = Tool;
			sourceTree = "<group>";
		};
		04EEDD891D18100300732D97 /* image */ = {
			isa = PBXGroup;
			children = (
				04EEDD8A1D18100300732D97 /* 1.png */,
				04EEDD8B1D18100300732D97 /* default.png */,
				04EEDD8C1D18100300732D97 /* default@2x.png */,
				04EEDD8D1D18100300732D97 /* home_back_top.png */,
				04EEDD8E1D18100300732D97 /* home_back_top_hover.png */,
				04EEDD8F1D18100300732D97 /* icon_float_category_search.png */,
				04EEDD901D18100300732D97 /* icon_float_category_search_hover.png */,
				04EEDD911D18100300732D97 /* input_style_button_bg.9.png */,
				04EEDD921D18100300732D97 /* list_icon_like.png */,
				04EEDD931D18100300732D97 /* list_icon_link.png */,
				04EEDD941D18100300732D97 /* splash_img1.png */,
				04EEDD951D18100300732D97 /* splash_img2.png */,
				04EEDD961D18100300732D97 /* splash_img3.png */,
				04EEDD971D18100300732D97 /* splash_img4.png */,
				04EEDD981D18100300732D97 /* top-logo.png */,
				04EEDD991D18100300732D97 /* top-logo@2x.png */,
				04EEDD9A1D18100300732D97 /* top_logo.png */,
			);
			path = image;
			sourceTree = "<group>";
		};
		04EEDDAC1D18148400732D97 /* controller */ = {
			isa = PBXGroup;
			children = (
				04EEDDAD1D1814A000732D97 /* MainViewController.h */,
				04EEDDAE1D1814A000732D97 /* MainViewController.m */,
				04EEDDB01D18166C00732D97 /* SecondViewController.h */,
				04EEDDB11D18166C00732D97 /* SecondViewController.m */,
			);
			path = controller;
			sourceTree = "<group>";
		};
		04EEDDB41D18295900732D97 /* model */ = {
			isa = PBXGroup;
			children = (
				04EEDDBB1D183ED100732D97 /* topmodel.h */,
				04EEDDBC1D183ED100732D97 /* topmodel.m */,
				0482DFAB1D19606100229A6B /* onemode.h */,
				0482DFAC1D19606100229A6B /* onemode.m */,
			);
			path = model;
			sourceTree = "<group>";
		};
		347251D6B8925B71E55AB0BA /* Pods */ = {
			isa = PBXGroup;
			children = (
				BDFB0A7F63D33BEAE5B2A1CE /* Pods-PBL04.debug.xcconfig */,
				5A661EB341346A0DB5B88175 /* Pods-PBL04.release.xcconfig */,
			);
			name = Pods;
			sourceTree = "<group>";
		};
		74E513AE29FECEF9937EC2F8 /* Frameworks */ = {
			isa = PBXGroup;
			children = (
				3CF45F9A06741342CD6B5A61 /* libPods-PBL04.a */,
			);
			name = Frameworks;
			sourceTree = "<group>";
		};
/* End PBXGroup section */

/* Begin PBXNativeTarget section */
		04EEDD4E1D180D9B00732D97 /* PBL04 */ = {
			isa = PBXNativeTarget;
			buildConfigurationList = 04EEDD7C1D180D9B00732D97 /* Build configuration list for PBXNativeTarget "PBL04" */;
			buildPhases = (
				B689A9A1922C452B2FF9EBCC /* [CP] Check Pods Manifest.lock */,
				04EEDD4B1D180D9B00732D97 /* Sources */,
				04EEDD4C1D180D9B00732D97 /* Frameworks */,
				04EEDD4D1D180D9B00732D97 /* Resources */,
				FBED894B14E1E51B0C5F2449 /* [CP] Embed Pods Frameworks */,
				30F53EB613A6C6679D3A3298 /* [CP] Copy Pods Resources */,
			);
			buildRules = (
			);
			dependencies = (
			);
			name = PBL04;
			productName = PBL04;
			productReference = 04EEDD4F1D180D9B00732D97 /* PBL04.app */;
			productType = "com.apple.product-type.application";
		};
		04EEDD671D180D9B00732D97 /* PBL04Tests */ = {
			isa = PBXNativeTarget;
			buildConfigurationList = 04EEDD7F1D180D9B00732D97 /* Build configuration list for PBXNativeTarget "PBL04Tests" */;
			buildPhases = (
				04EEDD641D180D9B00732D97 /* Sources */,
				04EEDD651D180D9B00732D97 /* Frameworks */,
				04EEDD661D180D9B00732D97 /* Resources */,
			);
			buildRules = (
			);
			dependencies = (
				04EEDD6A1D180D9B00732D97 /* PBXTargetDependency */,
			);
			name = PBL04Tests;
			productName = PBL04Tests;
			productReference = 04EEDD681D180D9B00732D97 /* PBL04Tests.xctest */;
			productType = "com.apple.product-type.bundle.unit-test";
		};
		04EEDD721D180D9B00732D97 /* PBL04UITests */ = {
			isa = PBXNativeTarget;
			buildConfigurationList = 04EEDD821D180D9B00732D97 /* Build configuration list for PBXNativeTarget "PBL04UITests" */;
			buildPhases = (
				04EEDD6F1D180D9B00732D97 /* Sources */,
				04EEDD701D180D9B00732D97 /* Frameworks */,
				04EEDD711D180D9B00732D97 /* Resources */,
			);
			buildRules = (
			);
			dependencies = (
				04EEDD751D180D9B00732D97 /* PBXTargetDependency */,
			);
			name = PBL04UITests;
			productName = PBL04UITests;
			productReference = 04EEDD731D180D9B00732D97 /* PBL04UITests.xctest */;
			productType = "com.apple.product-type.bundle.ui-testing";
		};
/* End PBXNativeTarget section */

/* Begin PBXProject section */
		04EEDD471D180D9B00732D97 /* Project object */ = {
			isa = PBXProject;
			attributes = {
				LastUpgradeCheck = 0710;
				ORGANIZATIONNAME = qiguohui;
				TargetAttributes = {
					04EEDD4E1D180D9B00732D97 = {
						CreatedOnToolsVersion = 7.1;
					};
					04EEDD671D180D9B00732D97 = {
						CreatedOnToolsVersion = 7.1;
						TestTargetID = 04EEDD4E1D180D9B00732D97;
					};
					04EEDD721D180D9B00732D97 = {
						CreatedOnToolsVersion = 7.1;
						TestTargetID = 04EEDD4E1D180D9B00732D97;
					};
				};
			};
			buildConfigurationList = 04EEDD4A1D180D9B00732D97 /* Build configuration list for PBXProject "PBL04" */;
			compatibilityVersion = "Xcode 3.2";
			developmentRegion = English;
			hasScannedForEncodings = 0;
			knownRegions = (
				en,
				Base,
			);
			mainGroup = 04EEDD461D180D9B00732D97;
			productRefGroup = 04EEDD501D180D9B00732D97 /* Products */;
			projectDirPath = "";
			projectRoot = "";
			targets = (
				04EEDD4E1D180D9B00732D97 /* PBL04 */,
				04EEDD671D180D9B00732D97 /* PBL04Tests */,
				04EEDD721D180D9B00732D97 /* PBL04UITests */,
			);
		};
/* End PBXProject section */

/* Begin PBXResourcesBuildPhase section */
		04EEDD4D1D180D9B00732D97 /* Resources */ = {
			isa = PBXResourcesBuildPhase;
			buildActionMask = 2147483647;
			files = (
				04EEDDA21D18100300732D97 /* input_style_button_bg.9.png in Resources */,
				04EEDD9F1D18100300732D97 /* home_back_top_hover.png in Resources */,
				04EEDD621D180D9B00732D97 /* LaunchScreen.storyboard in Resources */,
				04EEDD9B1D18100300732D97 /* 1.png in Resources */,
				04EEDDA51D18100300732D97 /* splash_img1.png in Resources */,
				04EEDDA61D18100300732D97 /* splash_img2.png in Resources */,
				04EEDDA91D18100300732D97 /* top-logo.png in Resources */,
				04EEDDA41D18100300732D97 /* list_icon_link.png in Resources */,
				04EEDD9D1D18100300732D97 /* default@2x.png in Resources */,
				04EEDD5F1D180D9B00732D97 /* Assets.xcassets in Resources */,
				04EEDD5D1D180D9B00732D97 /* Main.storyboard in Resources */,
				04EEDD9E1D18100300732D97 /* home_back_top.png in Resources */,
				04EEDD9C1D18100300732D97 /* default.png in Resources */,
				04EEDDA81D18100300732D97 /* splash_img4.png in Resources */,
				04EEDDAB1D18100300732D97 /* top_logo.png in Resources */,
				04EEDDA71D18100300732D97 /* splash_img3.png in Resources */,
				04EEDDA31D18100300732D97 /* list_icon_like.png in Resources */,
				04EEDDAA1D18100300732D97 /* top-logo@2x.png in Resources */,
				04EEDDA11D18100300732D97 /* icon_float_category_search_hover.png in Resources */,
				04EEDDA01D18100300732D97 /* icon_float_category_search.png in Resources */,
			);
			runOnlyForDeploymentPostprocessing = 0;
		};
		04EEDD661D180D9B00732D97 /* Resources */ = {
			isa = PBXResourcesBuildPhase;
			buildActionMask = 2147483647;
			files = (
			);
			runOnlyForDeploymentPostprocessing = 0;
		};
		04EEDD711D180D9B00732D97 /* Resources */ = {
			isa = PBXResourcesBuildPhase;
			buildActionMask = 2147483647;
			files = (
			);
			runOnlyForDeploymentPostprocessing = 0;
		};
/* End PBXResourcesBuildPhase section */

/* Begin PBXShellScriptBuildPhase section */
		30F53EB613A6C6679D3A3298 /* [CP] Copy Pods Resources */ = {
			isa = PBXShellScriptBuildPhase;
			buildActionMask = 2147483647;
			files = (
			);
			inputPaths = (
			);
			name = "[CP] Copy Pods Resources";
			outputPaths = (
			);
			runOnlyForDeploymentPostprocessing = 0;
			shellPath = /bin/sh;
			shellScript = "\"${SRCROOT}/Pods/Target Support Files/Pods-PBL04/Pods-PBL04-resources.sh\"\n";
			showEnvVarsInLog = 0;
		};
		B689A9A1922C452B2FF9EBCC /* [CP] Check Pods Manifest.lock */ = {
			isa = PBXShellScriptBuildPhase;
			buildActionMask = 2147483647;
			files = (
			);
			inputPaths = (
			);
			name = "[CP] Check Pods Manifest.lock";
			outputPaths = (
			);
			runOnlyForDeploymentPostprocessing = 0;
			shellPath = /bin/sh;
			shellScript = "diff \"${PODS_ROOT}/../Podfile.lock\" \"${PODS_ROOT}/Manifest.lock\" > /dev/null\nif [[ $? != 0 ]] ; then\n    cat << EOM\nerror: The sandbox is not in sync with the Podfile.lock. Run 'pod install' or update your CocoaPods installation.\nEOM\n    exit 1\nfi\n";
			showEnvVarsInLog = 0;
		};
		FBED894B14E1E51B0C5F2449 /* [CP] Embed Pods Frameworks */ = {
			isa = PBXShellScriptBuildPhase;
			buildActionMask = 2147483647;
			files = (
			);
			inputPaths = (
			);
			name = "[CP] Embed Pods Frameworks";
			outputPaths = (
			);
			runOnlyForDeploymentPostprocessing = 0;
			shellPath = /bin/sh;
			shellScript = "\"${SRCROOT}/Pods/Target Support Files/Pods-PBL04/Pods-PBL04-frameworks.sh\"\n";
			showEnvVarsInLog = 0;
		};
/* End PBXShellScriptBuildPhase section */

/* Begin PBXSourcesBuildPhase section */
		04EEDD4B1D180D9B00732D97 /* Sources */ = {
			isa = PBXSourcesBuildPhase;
			buildActionMask = 2147483647;
			files = (
				04EEDDB21D18166C00732D97 /* SecondViewController.m in Sources */,
				04EEDD5A1D180D9B00732D97 /* ViewController.m in Sources */,
				04EEDD571D180D9B00732D97 /* AppDelegate.m in Sources */,
				0482DFAD1D19606100229A6B /* onemode.m in Sources */,
				04EEDD541D180D9B00732D97 /* main.m in Sources */,
				04EEDDBD1D183ED100732D97 /* topmodel.m in Sources */,
				04EEDDAF1D1814A000732D97 /* MainViewController.m in Sources */,
				04EEDDBA1D182CC400732D97 /* mainTableViewCell.m in Sources */,
				04EEDD881D180DFC00732D97 /* tool.m in Sources */,
			);
			runOnlyForDeploymentPostprocessing = 0;
		};
		04EEDD641D180D9B00732D97 /* Sources */ = {
			isa = PBXSourcesBuildPhase;
			buildActionMask = 2147483647;
			files = (
				04EEDD6D1D180D9B00732D97 /* PBL04Tests.m in Sources */,
			);
			runOnlyForDeploymentPostprocessing = 0;
		};
		04EEDD6F1D180D9B00732D97 /* Sources */ = {
			isa = PBXSourcesBuildPhase;
			buildActionMask = 2147483647;
			files = (
				04EEDD781D180D9B00732D97 /* PBL04UITests.m in Sources */,
			);
			runOnlyForDeploymentPostprocessing = 0;
		};
/* End PBXSourcesBuildPhase section */

/* Begin PBXTargetDependency section */
		04EEDD6A1D180D9B00732D97 /* PBXTargetDependency */ = {
			isa = PBXTargetDependency;
			target = 04EEDD4E1D180D9B00732D97 /* PBL04 */;
			targetProxy = 04EEDD691D180D9B00732D97 /* PBXContainerItemProxy */;
		};
		04EEDD751D180D9B00732D97 /* PBXTargetDependency */ = {
			isa = PBXTargetDependency;
			target = 04EEDD4E1D180D9B00732D97 /* PBL04 */;
			targetProxy = 04EEDD741D180D9B00732D97 /* PBXContainerItemProxy */;
		};
/* End PBXTargetDependency section */

/* Begin PBXVariantGroup section */
		04EEDD5B1D180D9B00732D97 /* Main.storyboard */ = {
			isa = PBXVariantGroup;
			children = (
				04EEDD5C1D180D9B00732D97 /* Base */,
			);
			name = Main.storyboard;
			sourceTree = "<group>";
		};
		04EEDD601D180D9B00732D97 /* LaunchScreen.storyboard */ = {
			isa = PBXVariantGroup;
			children = (
				04EEDD611D180D9B00732D97 /* Base */,
			);
			name = LaunchScreen.storyboard;
			sourceTree = "<group>";
		};
/* End PBXVariantGroup section */

/* Begin XCBuildConfiguration section */
		04EEDD7A1D180D9B00732D97 /* Debug */ = {
			isa = XCBuildConfiguration;
			buildSettings = {
				ALWAYS_SEARCH_USER_PATHS = NO;
				CLANG_CXX_LANGUAGE_STANDARD = "gnu++0x";
				CLANG_CXX_LIBRARY = "libc++";
				CLANG_ENABLE_MODULES = YES;
				CLANG_ENABLE_OBJC_ARC = YES;
				CLANG_WARN_BOOL_CONVERSION = YES;
				CLANG_WARN_CONSTANT_CONVERSION = YES;
				CLANG_WARN_DIRECT_OBJC_ISA_USAGE = YES_ERROR;
				CLANG_WARN_EMPTY_BODY = YES;
				CLANG_WARN_ENUM_CONVERSION = YES;
				CLANG_WARN_INT_CONVERSION = YES;
				CLANG_WARN_OBJC_ROOT_CLASS = YES_ERROR;
				CLANG_WARN_UNREACHABLE_CODE = YES;
				CLANG_WARN__DUPLICATE_METHOD_MATCH = YES;
				"CODE_SIGN_IDENTITY[sdk=iphoneos*]" = "iPhone Developer";
				COPY_PHASE_STRIP = NO;
				DEBUG_INFORMATION_FORMAT = dwarf;
				ENABLE_STRICT_OBJC_MSGSEND = YES;
				ENABLE_TESTABILITY = YES;
				GCC_C_LANGUAGE_STANDARD = gnu99;
				GCC_DYNAMIC_NO_PIC = NO;
				GCC_NO_COMMON_BLOCKS = YES;
				GCC_OPTIMIZATION_LEVEL = 0;
				GCC_PREPROCESSOR_DEFINITIONS = (
					"DEBUG=1",
					"$(inherited)",
				);
				GCC_WARN_64_TO_32_BIT_CONVERSION = YES;
				GCC_WARN_ABOUT_RETURN_TYPE = YES_ERROR;
				GCC_WARN_UNDECLARED_SELECTOR = YES;
				GCC_WARN_UNINITIALIZED_AUTOS = YES_AGGRESSIVE;
				GCC_WARN_UNUSED_FUNCTION = YES;
				GCC_WARN_UNUSED_VARIABLE = YES;
				IPHONEOS_DEPLOYMENT_TARGET = 9.1;
				MTL_ENABLE_DEBUG_INFO = YES;
				ONLY_ACTIVE_ARCH = YES;
				SDKROOT = iphoneos;
			};
			name = Debug;
		};
		04EEDD7B1D180D9B00732D97 /* Release */ = {
			isa = XCBuildConfiguration;
			buildSettings = {
				ALWAYS_SEARCH_USER_PATHS = NO;
				CLANG_CXX_LANGUAGE_STANDARD = "gnu++0x";
				CLANG_CXX_LIBRARY = "libc++";
				CLANG_ENABLE_MODULES = YES;
				CLANG_ENABLE_OBJC_ARC = YES;
				CLANG_WARN_BOOL_CONVERSION = YES;
				CLANG_WARN_CONSTANT_CONVERSION = YES;
				CLANG_WARN_DIRECT_OBJC_ISA_USAGE = YES_ERROR;
				CLANG_WARN_EMPTY_BODY = YES;
				CLANG_WARN_ENUM_CONVERSION = YES;
				CLANG_WARN_INT_CONVERSION = YES;
				CLANG_WARN_OBJC_ROOT_CLASS = YES_ERROR;
				CLANG_WARN_UNREACHABLE_CODE = YES;
				CLANG_WARN__DUPLICATE_METHOD_MATCH = YES;
				"CODE_SIGN_IDENTITY[sdk=iphoneos*]" = "iPhone Developer";
				COPY_PHASE_STRIP = NO;
				DEBUG_INFORMATION_FORMAT = "dwarf-with-dsym";
				ENABLE_NS_ASSERTIONS = NO;
				ENABLE_STRICT_OBJC_MSGSEND = YES;
				GCC_C_LANGUAGE_STANDARD = gnu99;
				GCC_NO_COMMON_BLOCKS = YES;
				GCC_WARN_64_TO_32_BIT_CONVERSION = YES;
				GCC_WARN_ABOUT_RETURN_TYPE = YES_ERROR;
				GCC_WARN_UNDECLARED_SELECTOR = YES;
				GCC_WARN_UNINITIALIZED_AUTOS = YES_AGGRESSIVE;
				GCC_WARN_UNUSED_FUNCTION = YES;
				GCC_WARN_UNUSED_VARIABLE = YES;
				IPHONEOS_DEPLOYMENT_TARGET = 9.1;
				MTL_ENABLE_DEBUG_INFO = NO;
				SDKROOT = iphoneos;
				VALIDATE_PRODUCT = YES;
			};
			name = Release;
		};
		04EEDD7D1D180D9B00732D97 /* Debug */ = {
			isa = XCBuildConfiguration;
			baseConfigurationReference = BDFB0A7F63D33BEAE5B2A1CE /* Pods-PBL04.debug.xcconfig */;
			buildSettings = {
				ASSETCATALOG_COMPILER_APPICON_NAME = AppIcon;
				INFOPLIST_FILE = PBL04/Info.plist;
				LD_RUNPATH_SEARCH_PATHS = "$(inherited) @executable_path/Frameworks";
				PRODUCT_BUNDLE_IDENTIFIER = com..PBL04;
				PRODUCT_NAME = "$(TARGET_NAME)";
				USER_HEADER_SEARCH_PATHS = "$(SRCROOT)/**";
			};
			name = Debug;
		};
		04EEDD7E1D180D9B00732D97 /* Release */ = {
			isa = XCBuildConfiguration;
			baseConfigurationReference = 5A661EB341346A0DB5B88175 /* Pods-PBL04.release.xcconfig */;
			buildSettings = {
				ASSETCATALOG_COMPILER_APPICON_NAME = AppIcon;
				INFOPLIST_FILE = PBL04/Info.plist;
				LD_RUNPATH_SEARCH_PATHS = "$(inherited) @executable_path/Frameworks";
				PRODUCT_BUNDLE_IDENTIFIER = com..PBL04;
				PRODUCT_NAME = "$(TARGET_NAME)";
				USER_HEADER_SEARCH_PATHS = "$(SRCROOT)/**";
			};
			name = Release;
		};
		04EEDD801D180D9B00732D97 /* Debug */ = {
			isa = XCBuildConfiguration;
			buildSettings = {
				BUNDLE_LOADER = "$(TEST_HOST)";
				INFOPLIST_FILE = PBL04Tests/Info.plist;
				LD_RUNPATH_SEARCH_PATHS = "$(inherited) @executable_path/Frameworks @loader_path/Frameworks";
				PRODUCT_BUNDLE_IDENTIFIER = com..PBL04Tests;
				PRODUCT_NAME = "$(TARGET_NAME)";
				TEST_HOST = "$(BUILT_PRODUCTS_DIR)/PBL04.app/PBL04";
			};
			name = Debug;
		};
		04EEDD811D180D9B00732D97 /* Release */ = {
			isa = XCBuildConfiguration;
			buildSettings = {
				BUNDLE_LOADER = "$(TEST_HOST)";
				INFOPLIST_FILE = PBL04Tests/Info.plist;
				LD_RUNPATH_SEARCH_PATHS = "$(inherited) @executable_path/Frameworks @loader_path/Frameworks";
				PRODUCT_BUNDLE_IDENTIFIER = com..PBL04Tests;
				PRODUCT_NAME = "$(TARGET_NAME)";
				TEST_HOST = "$(BUILT_PRODUCTS_DIR)/PBL04.app/PBL04";
			};
			name = Release;
		};
		04EEDD831D180D9B00732D97 /* Debug */ = {
			isa = XCBuildConfiguration;
			buildSettings = {
				INFOPLIST_FILE = PBL04UITests/Info.plist;
				LD_RUNPATH_SEARCH_PATHS = "$(inherited) @executable_path/Frameworks @loader_path/Frameworks";
				PRODUCT_BUNDLE_IDENTIFIER = com..PBL04UITests;
				PRODUCT_NAME = "$(TARGET_NAME)";
				TEST_TARGET_NAME = PBL04;
				USES_XCTRUNNER = YES;
			};
			name = Debug;
		};
		04EEDD841D180D9B00732D97 /* Release */ = {
			isa = XCBuildConfiguration;
			buildSettings = {
				INFOPLIST_FILE = PBL04UITests/Info.plist;
				LD_RUNPATH_SEARCH_PATHS = "$(inherited) @executable_path/Frameworks @loader_path/Frameworks";
				PRODUCT_BUNDLE_IDENTIFIER = com..PBL04UITests;
				PRODUCT_NAME = "$(TARGET_NAME)";
				TEST_TARGET_NAME = PBL04;
				USES_XCTRUNNER = YES;
			};
			name = Release;
		};
/* End XCBuildConfiguration section */

/* Begin XCConfigurationList section */
		04EEDD4A1D180D9B00732D97 /* Build configuration list for PBXProject "PBL04" */ = {
			isa = XCConfigurationList;
			buildConfigurations = (
				04EEDD7A1D180D9B00732D97 /* Debug */,
				04EEDD7B1D180D9B00732D97 /* Release */,
			);
			defaultConfigurationIsVisible = 0;
			defaultConfigurationName = Release;
		};
		04EEDD7C1D180D9B00732D97 /* Build configuration list for PBXNativeTarget "PBL04" */ = {
			isa = XCConfigurationList;
			buildConfigurations = (
				04EEDD7D1D180D9B00732D97 /* Debug */,
				04EEDD7E1D180D9B00732D97 /* Release */,
			);
			defaultConfigurationIsVisible = 0;
			defaultConfigurationName = Release;
		};
		04EEDD7F1D180D9B00732D97 /* Build configuration list for PBXNativeTarget "PBL04Tests" */ = {
			isa = XCConfigurationList;
			buildConfigurations = (
				04EEDD801D180D9B00732D97 /* Debug */,
				04EEDD811D180D9B00732D97 /* Release */,
			);
			defaultConfigurationIsVisible = 0;
			defaultConfigurationName = Release;
		};
		04EEDD821D180D9B00732D97 /* Build configuration list for PBXNativeTarget "PBL04UITests" */ = {
			isa = XCConfigurationList;
			buildConfigurations = (
				04EEDD831D180D9B00732D97 /* Debug */,
				04EEDD841D180D9B00732D97 /* Release */,
			);
			defaultConfigurationIsVisible = 0;
			defaultConfigurationName = Release;
		};
/* End XCConfigurationList section */
	};
	rootObject = 04EEDD471D180D9B00732D97 /* Project object */;
}
